// !$*UTF8*$!
{
	archiveVersion = 1;
	classes = {
	};
	objectVersion = 56;
	objects = {

/* Begin PBXBuildFile section */
		CA33703E2A18B5B800209551 /* UserTableViewCell.xib in Resources */ = {isa = PBXBuildFile; fileRef = CA33703D2A18B5B800209551 /* UserTableViewCell.xib */; };
		CA3370412A18B61D00209551 /* UserTableViewCell.swift in Sources */ = {isa = PBXBuildFile; fileRef = CA3370402A18B61D00209551 /* UserTableViewCell.swift */; };
		CA4665292A1547E7002683E3 /* AppDelegate.swift in Sources */ = {isa = PBXBuildFile; fileRef = CA4665282A1547E7002683E3 /* AppDelegate.swift */; };
		CA46652B2A1547E7002683E3 /* SceneDelegate.swift in Sources */ = {isa = PBXBuildFile; fileRef = CA46652A2A1547E7002683E3 /* SceneDelegate.swift */; };
		CA46652D2A1547E7002683E3 /* RootViewController.swift in Sources */ = {isa = PBXBuildFile; fileRef = CA46652C2A1547E7002683E3 /* RootViewController.swift */; };
		CA4665302A1547E7002683E3 /* Root.storyboard in Resources */ = {isa = PBXBuildFile; fileRef = CA46652E2A1547E7002683E3 /* Root.storyboard */; };
		CA4665322A1547E8002683E3 /* Assets.xcassets in Resources */ = {isa = PBXBuildFile; fileRef = CA4665312A1547E8002683E3 /* Assets.xcassets */; };
		CA4665352A1547E8002683E3 /* LaunchScreen.storyboard in Resources */ = {isa = PBXBuildFile; fileRef = CA4665332A1547E8002683E3 /* LaunchScreen.storyboard */; };
		CA46653E2A15FC6D002683E3 /* GitHubAPIClient.swift in Sources */ = {isa = PBXBuildFile; fileRef = CA46653D2A15FC6D002683E3 /* GitHubAPIClient.swift */; };
		CA4665412A15FF57002683E3 /* Env.swift in Sources */ = {isa = PBXBuildFile; fileRef = CA4665402A15FF57002683E3 /* Env.swift */; };
		CA4665442A160371002683E3 /* UserSearchResult.swift in Sources */ = {isa = PBXBuildFile; fileRef = CA4665432A160371002683E3 /* UserSearchResult.swift */; };
		CA4665462A16038B002683E3 /* UserWrapper.swift in Sources */ = {isa = PBXBuildFile; fileRef = CA4665452A16038A002683E3 /* UserWrapper.swift */; };
		CA6B18402A18C38D00163B7F /* LoadingView.xib in Resources */ = {isa = PBXBuildFile; fileRef = CA6B183F2A18C38D00163B7F /* LoadingView.xib */; };
		CA6B18422A18C3D800163B7F /* LoadingView.swift in Sources */ = {isa = PBXBuildFile; fileRef = CA6B18412A18C3D800163B7F /* LoadingView.swift */; };
		CA6B18442A192A5800163B7F /* Int+Utility.swift in Sources */ = {isa = PBXBuildFile; fileRef = CA6B18432A192A5800163B7F /* Int+Utility.swift */; };
		CA6B18482A193EFF00163B7F /* APIError.swift in Sources */ = {isa = PBXBuildFile; fileRef = CA6B18472A193EFF00163B7F /* APIError.swift */; };
		CA7ADE902A16184700971CD7 /* UserDetail.storyboard in Resources */ = {isa = PBXBuildFile; fileRef = CA7ADE8F2A16184700971CD7 /* UserDetail.storyboard */; };
		CA7ADE922A16186400971CD7 /* UserDetailViewController.swift in Sources */ = {isa = PBXBuildFile; fileRef = CA7ADE912A16186400971CD7 /* UserDetailViewController.swift */; };
		CA7ADE952A16423600971CD7 /* UIImageView+Utility.swift in Sources */ = {isa = PBXBuildFile; fileRef = CA7ADE942A16423600971CD7 /* UIImageView+Utility.swift */; };
		CA7ADE982A1642EF00971CD7 /* SDWebImage in Frameworks */ = {isa = PBXBuildFile; productRef = CA7ADE972A1642EF00971CD7 /* SDWebImage */; };
		CA7ADE9A2A164CD300971CD7 /* User.swift in Sources */ = {isa = PBXBuildFile; fileRef = CA7ADE992A164CD300971CD7 /* User.swift */; };
		CA7ADE9C2A16790D00971CD7 /* Repository.swift in Sources */ = {isa = PBXBuildFile; fileRef = CA7ADE9B2A16790D00971CD7 /* Repository.swift */; };
		CA7ADEA02A16803C00971CD7 /* RepositorySearchResult.swift in Sources */ = {isa = PBXBuildFile; fileRef = CA7ADE9F2A16803C00971CD7 /* RepositorySearchResult.swift */; };
		CA7ADEA22A179AA700971CD7 /* WebViewController.swift in Sources */ = {isa = PBXBuildFile; fileRef = CA7ADEA12A179AA700971CD7 /* WebViewController.swift */; };
		CA7ADEA42A179AC500971CD7 /* WebView.storyboard in Resources */ = {isa = PBXBuildFile; fileRef = CA7ADEA32A179AC500971CD7 /* WebView.storyboard */; };
		CA7ADEA72A179B2C00971CD7 /* WebKit.framework in Frameworks */ = {isa = PBXBuildFile; fileRef = CA7ADEA62A179B2C00971CD7 /* WebKit.framework */; };
		CA7ADECC2A17F60E00971CD7 /* Rooter.swift in Sources */ = {isa = PBXBuildFile; fileRef = CA7ADECB2A17F60E00971CD7 /* Rooter.swift */; };
		CA7ADECF2A17F6D500971CD7 /* RootPresenter.swift in Sources */ = {isa = PBXBuildFile; fileRef = CA7ADECE2A17F6D500971CD7 /* RootPresenter.swift */; };
		CA7ADED32A17FB6A00971CD7 /* RootOutputCollection.swift in Sources */ = {isa = PBXBuildFile; fileRef = CA7ADED22A17FB6A00971CD7 /* RootOutputCollection.swift */; };
		CA7ADED52A17FB7A00971CD7 /* RootInputCollection.swift in Sources */ = {isa = PBXBuildFile; fileRef = CA7ADED42A17FB7A00971CD7 /* RootInputCollection.swift */; };
		CA7ADED72A1805DB00971CD7 /* DetailPresenter.swift in Sources */ = {isa = PBXBuildFile; fileRef = CA7ADED62A1805DB00971CD7 /* DetailPresenter.swift */; };
		CA7ADEDA2A18093300971CD7 /* UserDetailInputCollection.swift in Sources */ = {isa = PBXBuildFile; fileRef = CA7ADED92A18093300971CD7 /* UserDetailInputCollection.swift */; };
		CA7ADEDC2A18097D00971CD7 /* UserDetailOutputCollection.swift in Sources */ = {isa = PBXBuildFile; fileRef = CA7ADEDB2A18097D00971CD7 /* UserDetailOutputCollection.swift */; };
		CA7ADEDE2A189DC400971CD7 /* WebViewPresenter.swift in Sources */ = {isa = PBXBuildFile; fileRef = CA7ADEDD2A189DC400971CD7 /* WebViewPresenter.swift */; };
		CA7ADEE12A18A16200971CD7 /* WebViewOutputCollection.swift in Sources */ = {isa = PBXBuildFile; fileRef = CA7ADEE02A18A16200971CD7 /* WebViewOutputCollection.swift */; };
		CA7ADEE32A18A16F00971CD7 /* WebViewInputCollection.swift in Sources */ = {isa = PBXBuildFile; fileRef = CA7ADEE22A18A16F00971CD7 /* WebViewInputCollection.swift */; };
/* End PBXBuildFile section */

/* Begin PBXFileReference section */
		CA33703D2A18B5B800209551 /* UserTableViewCell.xib */ = {isa = PBXFileReference; lastKnownFileType = file.xib; path = UserTableViewCell.xib; sourceTree = "<group>"; };
		CA3370402A18B61D00209551 /* UserTableViewCell.swift */ = {isa = PBXFileReference; lastKnownFileType = sourcecode.swift; path = UserTableViewCell.swift; sourceTree = "<group>"; };
		CA4665252A1547E7002683E3 /* search-github-user-app.app */ = {isa = PBXFileReference; explicitFileType = wrapper.application; includeInIndex = 0; path = "search-github-user-app.app"; sourceTree = BUILT_PRODUCTS_DIR; };
		CA4665282A1547E7002683E3 /* AppDelegate.swift */ = {isa = PBXFileReference; lastKnownFileType = sourcecode.swift; path = AppDelegate.swift; sourceTree = "<group>"; };
		CA46652A2A1547E7002683E3 /* SceneDelegate.swift */ = {isa = PBXFileReference; lastKnownFileType = sourcecode.swift; path = SceneDelegate.swift; sourceTree = "<group>"; };
		CA46652C2A1547E7002683E3 /* RootViewController.swift */ = {isa = PBXFileReference; lastKnownFileType = sourcecode.swift; path = RootViewController.swift; sourceTree = "<group>"; };
		CA46652F2A1547E7002683E3 /* Base */ = {isa = PBXFileReference; lastKnownFileType = file.storyboard; name = Base; path = Base.lproj/Root.storyboard; sourceTree = "<group>"; };
		CA4665312A1547E8002683E3 /* Assets.xcassets */ = {isa = PBXFileReference; lastKnownFileType = folder.assetcatalog; path = Assets.xcassets; sourceTree = "<group>"; };
		CA4665342A1547E8002683E3 /* Base */ = {isa = PBXFileReference; lastKnownFileType = file.storyboard; name = Base; path = Base.lproj/LaunchScreen.storyboard; sourceTree = "<group>"; };
		CA4665362A1547E8002683E3 /* Info.plist */ = {isa = PBXFileReference; lastKnownFileType = text.plist.xml; path = Info.plist; sourceTree = "<group>"; };
		CA46653D2A15FC6D002683E3 /* GitHubAPIClient.swift */ = {isa = PBXFileReference; lastKnownFileType = sourcecode.swift; path = GitHubAPIClient.swift; sourceTree = "<group>"; };
		CA4665402A15FF57002683E3 /* Env.swift */ = {isa = PBXFileReference; lastKnownFileType = sourcecode.swift; path = Env.swift; sourceTree = "<group>"; };
		CA4665432A160371002683E3 /* UserSearchResult.swift */ = {isa = PBXFileReference; lastKnownFileType = sourcecode.swift; path = UserSearchResult.swift; sourceTree = "<group>"; };
		CA4665452A16038A002683E3 /* UserWrapper.swift */ = {isa = PBXFileReference; lastKnownFileType = sourcecode.swift; path = UserWrapper.swift; sourceTree = "<group>"; };
		CA6B183F2A18C38D00163B7F /* LoadingView.xib */ = {isa = PBXFileReference; lastKnownFileType = file.xib; path = LoadingView.xib; sourceTree = "<group>"; };
		CA6B18412A18C3D800163B7F /* LoadingView.swift */ = {isa = PBXFileReference; lastKnownFileType = sourcecode.swift; path = LoadingView.swift; sourceTree = "<group>"; };
		CA6B18432A192A5800163B7F /* Int+Utility.swift */ = {isa = PBXFileReference; lastKnownFileType = sourcecode.swift; path = "Int+Utility.swift"; sourceTree = "<group>"; };
		CA6B18472A193EFF00163B7F /* APIError.swift */ = {isa = PBXFileReference; lastKnownFileType = sourcecode.swift; path = APIError.swift; sourceTree = "<group>"; };
		CA7ADE8F2A16184700971CD7 /* UserDetail.storyboard */ = {isa = PBXFileReference; lastKnownFileType = file.storyboard; path = UserDetail.storyboard; sourceTree = "<group>"; };
		CA7ADE912A16186400971CD7 /* UserDetailViewController.swift */ = {isa = PBXFileReference; lastKnownFileType = sourcecode.swift; path = UserDetailViewController.swift; sourceTree = "<group>"; };
		CA7ADE942A16423600971CD7 /* UIImageView+Utility.swift */ = {isa = PBXFileReference; lastKnownFileType = sourcecode.swift; path = "UIImageView+Utility.swift"; sourceTree = "<group>"; };
		CA7ADE992A164CD300971CD7 /* User.swift */ = {isa = PBXFileReference; lastKnownFileType = sourcecode.swift; path = User.swift; sourceTree = "<group>"; };
		CA7ADE9B2A16790D00971CD7 /* Repository.swift */ = {isa = PBXFileReference; lastKnownFileType = sourcecode.swift; path = Repository.swift; sourceTree = "<group>"; };
		CA7ADE9F2A16803C00971CD7 /* RepositorySearchResult.swift */ = {isa = PBXFileReference; lastKnownFileType = sourcecode.swift; path = RepositorySearchResult.swift; sourceTree = "<group>"; };
		CA7ADEA12A179AA700971CD7 /* WebViewController.swift */ = {isa = PBXFileReference; lastKnownFileType = sourcecode.swift; path = WebViewController.swift; sourceTree = "<group>"; };
		CA7ADEA32A179AC500971CD7 /* WebView.storyboard */ = {isa = PBXFileReference; lastKnownFileType = file.storyboard; path = WebView.storyboard; sourceTree = "<group>"; };
		CA7ADEA62A179B2C00971CD7 /* WebKit.framework */ = {isa = PBXFileReference; lastKnownFileType = wrapper.framework; name = WebKit.framework; path = System/Library/Frameworks/WebKit.framework; sourceTree = SDKROOT; };
		CA7ADECB2A17F60E00971CD7 /* Rooter.swift */ = {isa = PBXFileReference; lastKnownFileType = sourcecode.swift; path = Rooter.swift; sourceTree = "<group>"; };
		CA7ADECE2A17F6D500971CD7 /* RootPresenter.swift */ = {isa = PBXFileReference; lastKnownFileType = sourcecode.swift; path = RootPresenter.swift; sourceTree = "<group>"; };
		CA7ADED22A17FB6A00971CD7 /* RootOutputCollection.swift */ = {isa = PBXFileReference; lastKnownFileType = sourcecode.swift; path = RootOutputCollection.swift; sourceTree = "<group>"; };
		CA7ADED42A17FB7A00971CD7 /* RootInputCollection.swift */ = {isa = PBXFileReference; lastKnownFileType = sourcecode.swift; path = RootInputCollection.swift; sourceTree = "<group>"; };
		CA7ADED62A1805DB00971CD7 /* DetailPresenter.swift */ = {isa = PBXFileReference; lastKnownFileType = sourcecode.swift; path = DetailPresenter.swift; sourceTree = "<group>"; };
		CA7ADED92A18093300971CD7 /* UserDetailInputCollection.swift */ = {isa = PBXFileReference; lastKnownFileType = sourcecode.swift; path = UserDetailInputCollection.swift; sourceTree = "<group>"; };
		CA7ADEDB2A18097D00971CD7 /* UserDetailOutputCollection.swift */ = {isa = PBXFileReference; lastKnownFileType = sourcecode.swift; path = UserDetailOutputCollection.swift; sourceTree = "<group>"; };
		CA7ADEDD2A189DC400971CD7 /* WebViewPresenter.swift */ = {isa = PBXFileReference; lastKnownFileType = sourcecode.swift; path = WebViewPresenter.swift; sourceTree = "<group>"; };
		CA7ADEE02A18A16200971CD7 /* WebViewOutputCollection.swift */ = {isa = PBXFileReference; lastKnownFileType = sourcecode.swift; path = WebViewOutputCollection.swift; sourceTree = "<group>"; };
		CA7ADEE22A18A16F00971CD7 /* WebViewInputCollection.swift */ = {isa = PBXFileReference; lastKnownFileType = sourcecode.swift; path = WebViewInputCollection.swift; sourceTree = "<group>"; };
/* End PBXFileReference section */

/* Begin PBXFrameworksBuildPhase section */
		CA4665222A1547E7002683E3 /* Frameworks */ = {
			isa = PBXFrameworksBuildPhase;
			buildActionMask = 2147483647;
			files = (
				CA7ADEA72A179B2C00971CD7 /* WebKit.framework in Frameworks */,
				CA7ADE982A1642EF00971CD7 /* SDWebImage in Frameworks */,
			);
			runOnlyForDeploymentPostprocessing = 0;
		};
/* End PBXFrameworksBuildPhase section */

/* Begin PBXGroup section */
		CA33703F2A18B5BF00209551 /* UserTableViewCell */ = {
			isa = PBXGroup;
			children = (
				CA33703D2A18B5B800209551 /* UserTableViewCell.xib */,
				CA3370402A18B61D00209551 /* UserTableViewCell.swift */,
			);
			path = UserTableViewCell;
			sourceTree = "<group>";
		};
		CA46651C2A1547E7002683E3 = {
			isa = PBXGroup;
			children = (
				CA4665272A1547E7002683E3 /* search-github-user-app */,
				CA4665262A1547E7002683E3 /* Products */,
				CA7ADEA52A179B2C00971CD7 /* Frameworks */,
			);
			sourceTree = "<group>";
		};
		CA4665262A1547E7002683E3 /* Products */ = {
			isa = PBXGroup;
			children = (
				CA4665252A1547E7002683E3 /* search-github-user-app.app */,
			);
			name = Products;
			sourceTree = "<group>";
		};
		CA4665272A1547E7002683E3 /* search-github-user-app */ = {
			isa = PBXGroup;
			children = (
				CA7ADED02A17F73600971CD7 /* Protocol */,
				CA7ADECD2A17F6C500971CD7 /* Presenter */,
				CA7ADECA2A17F5FB00971CD7 /* Rooter */,
				CA7ADEAC2A179CCD00971CD7 /* Env */,
				CA7ADE932A1641F000971CD7 /* Extension */,
				CA4665422A160353002683E3 /* Codable */,
				CA46653F2A15FD56002683E3 /* API */,
				CA7ADEA82A179C6E00971CD7 /* Screen */,
				CA4665282A1547E7002683E3 /* AppDelegate.swift */,
				CA46652A2A1547E7002683E3 /* SceneDelegate.swift */,
				CA4665312A1547E8002683E3 /* Assets.xcassets */,
				CA4665332A1547E8002683E3 /* LaunchScreen.storyboard */,
				CA4665362A1547E8002683E3 /* Info.plist */,
			);
			path = "search-github-user-app";
			sourceTree = "<group>";
		};
		CA46653F2A15FD56002683E3 /* API */ = {
			isa = PBXGroup;
			children = (
				CA46653D2A15FC6D002683E3 /* GitHubAPIClient.swift */,
				CA6B18472A193EFF00163B7F /* APIError.swift */,
			);
			path = API;
			sourceTree = "<group>";
		};
		CA4665422A160353002683E3 /* Codable */ = {
			isa = PBXGroup;
			children = (
				CA4665432A160371002683E3 /* UserSearchResult.swift */,
				CA7ADE9F2A16803C00971CD7 /* RepositorySearchResult.swift */,
				CA4665452A16038A002683E3 /* UserWrapper.swift */,
				CA7ADE992A164CD300971CD7 /* User.swift */,
				CA7ADE9B2A16790D00971CD7 /* Repository.swift */,
			);
			path = Codable;
			sourceTree = "<group>";
		};
		CA6B183D2A18C36500163B7F /* Utils */ = {
			isa = PBXGroup;
			children = (
				CA6B183E2A18C37300163B7F /* LoadingView */,
			);
			path = Utils;
			sourceTree = "<group>";
		};
		CA6B183E2A18C37300163B7F /* LoadingView */ = {
			isa = PBXGroup;
			children = (
				CA6B183F2A18C38D00163B7F /* LoadingView.xib */,
				CA6B18412A18C3D800163B7F /* LoadingView.swift */,
			);
			path = LoadingView;
			sourceTree = "<group>";
		};
		CA7ADE932A1641F000971CD7 /* Extension */ = {
			isa = PBXGroup;
			children = (
				CA7ADE942A16423600971CD7 /* UIImageView+Utility.swift */,
				CA6B18432A192A5800163B7F /* Int+Utility.swift */,
			);
			path = Extension;
			sourceTree = "<group>";
		};
		CA7ADEA52A179B2C00971CD7 /* Frameworks */ = {
			isa = PBXGroup;
			children = (
				CA7ADEA62A179B2C00971CD7 /* WebKit.framework */,
			);
			name = Frameworks;
			sourceTree = "<group>";
		};
		CA7ADEA82A179C6E00971CD7 /* Screen */ = {
			isa = PBXGroup;
			children = (
				CA6B183D2A18C36500163B7F /* Utils */,
				CA7ADEAB2A179CB700971CD7 /* Root */,
				CA7ADEAA2A179CA300971CD7 /* UserDetail */,
				CA7ADEA92A179C9600971CD7 /* WebView */,
			);
			path = Screen;
			sourceTree = "<group>";
		};
		CA7ADEA92A179C9600971CD7 /* WebView */ = {
			isa = PBXGroup;
			children = (
				CA7ADEA12A179AA700971CD7 /* WebViewController.swift */,
				CA7ADEA32A179AC500971CD7 /* WebView.storyboard */,
			);
			path = WebView;
			sourceTree = "<group>";
		};
		CA7ADEAA2A179CA300971CD7 /* UserDetail */ = {
			isa = PBXGroup;
			children = (
				CA7ADE912A16186400971CD7 /* UserDetailViewController.swift */,
				CA7ADE8F2A16184700971CD7 /* UserDetail.storyboard */,
			);
			path = UserDetail;
			sourceTree = "<group>";
		};
		CA7ADEAB2A179CB700971CD7 /* Root */ = {
			isa = PBXGroup;
			children = (
				CA46652C2A1547E7002683E3 /* RootViewController.swift */,
				CA46652E2A1547E7002683E3 /* Root.storyboard */,
				CA33703F2A18B5BF00209551 /* UserTableViewCell */,
			);
			path = Root;
			sourceTree = "<group>";
		};
		CA7ADEAC2A179CCD00971CD7 /* Env */ = {
			isa = PBXGroup;
			children = (
				CA4665402A15FF57002683E3 /* Env.swift */,
			);
			path = Env;
			sourceTree = "<group>";
		};
		CA7ADECA2A17F5FB00971CD7 /* Rooter */ = {
			isa = PBXGroup;
			children = (
				CA7ADECB2A17F60E00971CD7 /* Rooter.swift */,
			);
			path = Rooter;
			sourceTree = "<group>";
		};
		CA7ADECD2A17F6C500971CD7 /* Presenter */ = {
			isa = PBXGroup;
			children = (
				CA7ADECE2A17F6D500971CD7 /* RootPresenter.swift */,
				CA7ADED62A1805DB00971CD7 /* DetailPresenter.swift */,
				CA7ADEDD2A189DC400971CD7 /* WebViewPresenter.swift */,
			);
			path = Presenter;
			sourceTree = "<group>";
		};
		CA7ADED02A17F73600971CD7 /* Protocol */ = {
			isa = PBXGroup;
			children = (
				CA7ADED12A17F74900971CD7 /* Root */,
				CA7ADED82A18091B00971CD7 /* UserDetail */,
				CA7ADEDF2A189DDF00971CD7 /* WebView */,
			);
			path = Protocol;
			sourceTree = "<group>";
		};
		CA7ADED12A17F74900971CD7 /* Root */ = {
			isa = PBXGroup;
			children = (
				CA7ADED42A17FB7A00971CD7 /* RootInputCollection.swift */,
				CA7ADED22A17FB6A00971CD7 /* RootOutputCollection.swift */,
			);
			path = Root;
			sourceTree = "<group>";
		};
		CA7ADED82A18091B00971CD7 /* UserDetail */ = {
			isa = PBXGroup;
			children = (
				CA7ADED92A18093300971CD7 /* UserDetailInputCollection.swift */,
				CA7ADEDB2A18097D00971CD7 /* UserDetailOutputCollection.swift */,
			);
			path = UserDetail;
			sourceTree = "<group>";
		};
		CA7ADEDF2A189DDF00971CD7 /* WebView */ = {
			isa = PBXGroup;
			children = (
				CA7ADEE22A18A16F00971CD7 /* WebViewInputCollection.swift */,
				CA7ADEE02A18A16200971CD7 /* WebViewOutputCollection.swift */,
			);
			path = WebView;
			sourceTree = "<group>";
		};
/* End PBXGroup section */

/* Begin PBXNativeTarget section */
		CA4665242A1547E7002683E3 /* search-github-user-app */ = {
			isa = PBXNativeTarget;
			buildConfigurationList = CA4665392A1547E8002683E3 /* Build configuration list for PBXNativeTarget "search-github-user-app" */;
			buildPhases = (
				CA4665212A1547E7002683E3 /* Sources */,
				CA4665222A1547E7002683E3 /* Frameworks */,
				CA4665232A1547E7002683E3 /* Resources */,
			);
			buildRules = (
			);
			dependencies = (
			);
			name = "search-github-user-app";
			packageProductDependencies = (
				CA7ADE972A1642EF00971CD7 /* SDWebImage */,
			);
			productName = "search-github-user-app";
			productReference = CA4665252A1547E7002683E3 /* search-github-user-app.app */;
			productType = "com.apple.product-type.application";
		};
/* End PBXNativeTarget section */

/* Begin PBXProject section */
		CA46651D2A1547E7002683E3 /* Project object */ = {
			isa = PBXProject;
			attributes = {
				BuildIndependentTargetsInParallel = 1;
				LastSwiftUpdateCheck = 1430;
				LastUpgradeCheck = 1430;
				TargetAttributes = {
					CA4665242A1547E7002683E3 = {
						CreatedOnToolsVersion = 14.3;
					};
				};
			};
			buildConfigurationList = CA4665202A1547E7002683E3 /* Build configuration list for PBXProject "search-github-user-app" */;
			compatibilityVersion = "Xcode 14.0";
			developmentRegion = en;
			hasScannedForEncodings = 0;
			knownRegions = (
				en,
				Base,
			);
			mainGroup = CA46651C2A1547E7002683E3;
			packageReferences = (
				CA7ADE962A1642EF00971CD7 /* XCRemoteSwiftPackageReference "SDWebImage" */,
			);
			productRefGroup = CA4665262A1547E7002683E3 /* Products */;
			projectDirPath = "";
			projectRoot = "";
			targets = (
				CA4665242A1547E7002683E3 /* search-github-user-app */,
			);
		};
/* End PBXProject section */

/* Begin PBXResourcesBuildPhase section */
		CA4665232A1547E7002683E3 /* Resources */ = {
			isa = PBXResourcesBuildPhase;
			buildActionMask = 2147483647;
			files = (
				CA4665352A1547E8002683E3 /* LaunchScreen.storyboard in Resources */,
				CA4665322A1547E8002683E3 /* Assets.xcassets in Resources */,
				CA7ADE902A16184700971CD7 /* UserDetail.storyboard in Resources */,
				CA4665302A1547E7002683E3 /* Root.storyboard in Resources */,
				CA6B18402A18C38D00163B7F /* LoadingView.xib in Resources */,
				CA33703E2A18B5B800209551 /* UserTableViewCell.xib in Resources */,
				CA7ADEA42A179AC500971CD7 /* WebView.storyboard in Resources */,
			);
			runOnlyForDeploymentPostprocessing = 0;
		};
/* End PBXResourcesBuildPhase section */

/* Begin PBXSourcesBuildPhase section */
		CA4665212A1547E7002683E3 /* Sources */ = {
			isa = PBXSourcesBuildPhase;
			buildActionMask = 2147483647;
			files = (
				CA7ADECF2A17F6D500971CD7 /* RootPresenter.swift in Sources */,
				CA4665412A15FF57002683E3 /* Env.swift in Sources */,
				CA46653E2A15FC6D002683E3 /* GitHubAPIClient.swift in Sources */,
				CA7ADEDA2A18093300971CD7 /* UserDetailInputCollection.swift in Sources */,
				CA3370412A18B61D00209551 /* UserTableViewCell.swift in Sources */,
				CA7ADE922A16186400971CD7 /* UserDetailViewController.swift in Sources */,
				CA7ADE952A16423600971CD7 /* UIImageView+Utility.swift in Sources */,
				CA7ADEA02A16803C00971CD7 /* RepositorySearchResult.swift in Sources */,
				CA7ADED32A17FB6A00971CD7 /* RootOutputCollection.swift in Sources */,
				CA46652D2A1547E7002683E3 /* RootViewController.swift in Sources */,
				CA7ADE9C2A16790D00971CD7 /* Repository.swift in Sources */,
				CA4665442A160371002683E3 /* UserSearchResult.swift in Sources */,
				CA6B18482A193EFF00163B7F /* APIError.swift in Sources */,
				CA6B18442A192A5800163B7F /* Int+Utility.swift in Sources */,
				CA7ADECC2A17F60E00971CD7 /* Rooter.swift in Sources */,
				CA7ADEE12A18A16200971CD7 /* WebViewOutputCollection.swift in Sources */,
				CA7ADED72A1805DB00971CD7 /* DetailPresenter.swift in Sources */,
				CA4665292A1547E7002683E3 /* AppDelegate.swift in Sources */,
				CA46652B2A1547E7002683E3 /* SceneDelegate.swift in Sources */,
				CA7ADE9A2A164CD300971CD7 /* User.swift in Sources */,
				CA6B18422A18C3D800163B7F /* LoadingView.swift in Sources */,
				CA7ADEDE2A189DC400971CD7 /* WebViewPresenter.swift in Sources */,
				CA7ADEDC2A18097D00971CD7 /* UserDetailOutputCollection.swift in Sources */,
				CA7ADED52A17FB7A00971CD7 /* RootInputCollection.swift in Sources */,
				CA7ADEA22A179AA700971CD7 /* WebViewController.swift in Sources */,
				CA4665462A16038B002683E3 /* UserWrapper.swift in Sources */,
				CA7ADEE32A18A16F00971CD7 /* WebViewInputCollection.swift in Sources */,
			);
			runOnlyForDeploymentPostprocessing = 0;
		};
/* End PBXSourcesBuildPhase section */

/* Begin PBXVariantGroup section */
		CA46652E2A1547E7002683E3 /* Root.storyboard */ = {
			isa = PBXVariantGroup;
			children = (
				CA46652F2A1547E7002683E3 /* Base */,
			);
			name = Root.storyboard;
			sourceTree = "<group>";
		};
		CA4665332A1547E8002683E3 /* LaunchScreen.storyboard */ = {
			isa = PBXVariantGroup;
			children = (
				CA4665342A1547E8002683E3 /* Base */,
			);
			name = LaunchScreen.storyboard;
			sourceTree = "<group>";
		};
/* End PBXVariantGroup section */

/* Begin XCBuildConfiguration section */
		CA4665372A1547E8002683E3 /* Debug */ = {
			isa = XCBuildConfiguration;
			buildSettings = {
				ALWAYS_SEARCH_USER_PATHS = NO;
				CLANG_ANALYZER_NONNULL = YES;
				CLANG_ANALYZER_NUMBER_OBJECT_CONVERSION = YES_AGGRESSIVE;
				CLANG_CXX_LANGUAGE_STANDARD = "gnu++20";
				CLANG_ENABLE_MODULES = YES;
				CLANG_ENABLE_OBJC_ARC = YES;
				CLANG_ENABLE_OBJC_WEAK = YES;
				CLANG_WARN_BLOCK_CAPTURE_AUTORELEASING = YES;
				CLANG_WARN_BOOL_CONVERSION = YES;
				CLANG_WARN_COMMA = YES;
				CLANG_WARN_CONSTANT_CONVERSION = YES;
				CLANG_WARN_DEPRECATED_OBJC_IMPLEMENTATIONS = YES;
				CLANG_WARN_DIRECT_OBJC_ISA_USAGE = YES_ERROR;
				CLANG_WARN_DOCUMENTATION_COMMENTS = YES;
				CLANG_WARN_EMPTY_BODY = YES;
				CLANG_WARN_ENUM_CONVERSION = YES;
				CLANG_WARN_INFINITE_RECURSION = YES;
				CLANG_WARN_INT_CONVERSION = YES;
				CLANG_WARN_NON_LITERAL_NULL_CONVERSION = YES;
				CLANG_WARN_OBJC_IMPLICIT_RETAIN_SELF = YES;
				CLANG_WARN_OBJC_LITERAL_CONVERSION = YES;
				CLANG_WARN_OBJC_ROOT_CLASS = YES_ERROR;
				CLANG_WARN_QUOTED_INCLUDE_IN_FRAMEWORK_HEADER = YES;
				CLANG_WARN_RANGE_LOOP_ANALYSIS = YES;
				CLANG_WARN_STRICT_PROTOTYPES = YES;
				CLANG_WARN_SUSPICIOUS_MOVE = YES;
				CLANG_WARN_UNGUARDED_AVAILABILITY = YES_AGGRESSIVE;
				CLANG_WARN_UNREACHABLE_CODE = YES;
				CLANG_WARN__DUPLICATE_METHOD_MATCH = YES;
				COPY_PHASE_STRIP = NO;
				DEBUG_INFORMATION_FORMAT = dwarf;
				ENABLE_STRICT_OBJC_MSGSEND = YES;
				ENABLE_TESTABILITY = YES;
				GCC_C_LANGUAGE_STANDARD = gnu11;
				GCC_DYNAMIC_NO_PIC = NO;
				GCC_NO_COMMON_BLOCKS = YES;
				GCC_OPTIMIZATION_LEVEL = 0;
				GCC_PREPROCESSOR_DEFINITIONS = (
					"DEBUG=1",
					"$(inherited)",
				);
				GCC_WARN_64_TO_32_BIT_CONVERSION = YES;
				GCC_WARN_ABOUT_RETURN_TYPE = YES_ERROR;
				GCC_WARN_UNDECLARED_SELECTOR = YES;
				GCC_WARN_UNINITIALIZED_AUTOS = YES_AGGRESSIVE;
				GCC_WARN_UNUSED_FUNCTION = YES;
				GCC_WARN_UNUSED_VARIABLE = YES;
				IPHONEOS_DEPLOYMENT_TARGET = 15.0;
				MTL_ENABLE_DEBUG_INFO = INCLUDE_SOURCE;
				MTL_FAST_MATH = YES;
				ONLY_ACTIVE_ARCH = YES;
				SDKROOT = iphoneos;
				SWIFT_ACTIVE_COMPILATION_CONDITIONS = DEBUG;
				SWIFT_OPTIMIZATION_LEVEL = "-Onone";
			};
			name = Debug;
		};
		CA4665382A1547E8002683E3 /* Release */ = {
			isa = XCBuildConfiguration;
			buildSettings = {
				ALWAYS_SEARCH_USER_PATHS = NO;
				CLANG_ANALYZER_NONNULL = YES;
				CLANG_ANALYZER_NUMBER_OBJECT_CONVERSION = YES_AGGRESSIVE;
				CLANG_CXX_LANGUAGE_STANDARD = "gnu++20";
				CLANG_ENABLE_MODULES = YES;
				CLANG_ENABLE_OBJC_ARC = YES;
				CLANG_ENABLE_OBJC_WEAK = YES;
				CLANG_WARN_BLOCK_CAPTURE_AUTORELEASING = YES;
				CLANG_WARN_BOOL_CONVERSION = YES;
				CLANG_WARN_COMMA = YES;
				CLANG_WARN_CONSTANT_CONVERSION = YES;
				CLANG_WARN_DEPRECATED_OBJC_IMPLEMENTATIONS = YES;
				CLANG_WARN_DIRECT_OBJC_ISA_USAGE = YES_ERROR;
				CLANG_WARN_DOCUMENTATION_COMMENTS = YES;
				CLANG_WARN_EMPTY_BODY = YES;
				CLANG_WARN_ENUM_CONVERSION = YES;
				CLANG_WARN_INFINITE_RECURSION = YES;
				CLANG_WARN_INT_CONVERSION = YES;
				CLANG_WARN_NON_LITERAL_NULL_CONVERSION = YES;
				CLANG_WARN_OBJC_IMPLICIT_RETAIN_SELF = YES;
				CLANG_WARN_OBJC_LITERAL_CONVERSION = YES;
				CLANG_WARN_OBJC_ROOT_CLASS = YES_ERROR;
				CLANG_WARN_QUOTED_INCLUDE_IN_FRAMEWORK_HEADER = YES;
				CLANG_WARN_RANGE_LOOP_ANALYSIS = YES;
				CLANG_WARN_STRICT_PROTOTYPES = YES;
				CLANG_WARN_SUSPICIOUS_MOVE = YES;
				CLANG_WARN_UNGUARDED_AVAILABILITY = YES_AGGRESSIVE;
				CLANG_WARN_UNREACHABLE_CODE = YES;
				CLANG_WARN__DUPLICATE_METHOD_MATCH = YES;
				COPY_PHASE_STRIP = NO;
				DEBUG_INFORMATION_FORMAT = "dwarf-with-dsym";
				ENABLE_NS_ASSERTIONS = NO;
				ENABLE_STRICT_OBJC_MSGSEND = YES;
				GCC_C_LANGUAGE_STANDARD = gnu11;
				GCC_NO_COMMON_BLOCKS = YES;
				GCC_WARN_64_TO_32_BIT_CONVERSION = YES;
				GCC_WARN_ABOUT_RETURN_TYPE = YES_ERROR;
				GCC_WARN_UNDECLARED_SELECTOR = YES;
				GCC_WARN_UNINITIALIZED_AUTOS = YES_AGGRESSIVE;
				GCC_WARN_UNUSED_FUNCTION = YES;
				GCC_WARN_UNUSED_VARIABLE = YES;
				IPHONEOS_DEPLOYMENT_TARGET = 15.0;
				MTL_ENABLE_DEBUG_INFO = NO;
				MTL_FAST_MATH = YES;
				SDKROOT = iphoneos;
				SWIFT_COMPILATION_MODE = wholemodule;
				SWIFT_OPTIMIZATION_LEVEL = "-O";
				VALIDATE_PRODUCT = YES;
			};
			name = Release;
		};
		CA46653A2A1547E8002683E3 /* Debug */ = {
			isa = XCBuildConfiguration;
			buildSettings = {
				ASSETCATALOG_COMPILER_APPICON_NAME = AppIcon;
				ASSETCATALOG_COMPILER_GLOBAL_ACCENT_COLOR_NAME = AccentColor;
				CODE_SIGN_STYLE = Automatic;
				CURRENT_PROJECT_VERSION = 1;
				DEVELOPMENT_TEAM = 4HG9ZCZ4F4;
				GENERATE_INFOPLIST_FILE = YES;
				INFOPLIST_FILE = "search-github-user-app/Info.plist";
				INFOPLIST_KEY_UIApplicationSupportsIndirectInputEvents = YES;
				INFOPLIST_KEY_UILaunchStoryboardName = LaunchScreen;
				INFOPLIST_KEY_UISupportedInterfaceOrientations_iPad = "UIInterfaceOrientationPortrait UIInterfaceOrientationPortraitUpsideDown UIInterfaceOrientationLandscapeLeft UIInterfaceOrientationLandscapeRight";
				INFOPLIST_KEY_UISupportedInterfaceOrientations_iPhone = "UIInterfaceOrientationPortrait UIInterfaceOrientationLandscapeLeft UIInterfaceOrientationLandscapeRight";
				IPHONEOS_DEPLOYMENT_TARGET = 15.0;
				LD_RUNPATH_SEARCH_PATHS = (
					"$(inherited)",
					"@executable_path/Frameworks",
				);
				MARKETING_VERSION = 1.0;
				PRODUCT_BUNDLE_IDENTIFIER = "com.gmail.tab.hsts.search-github-user-app";
				PRODUCT_NAME = "$(TARGET_NAME)";
				SWIFT_EMIT_LOC_STRINGS = YES;
				SWIFT_VERSION = 5.0;
				TARGETED_DEVICE_FAMILY = "1,2";
			};
			name = Debug;
		};
		CA46653B2A1547E8002683E3 /* Release */ = {
			isa = XCBuildConfiguration;
			buildSettings = {
				ASSETCATALOG_COMPILER_APPICON_NAME = AppIcon;
				ASSETCATALOG_COMPILER_GLOBAL_ACCENT_COLOR_NAME = AccentColor;
				CODE_SIGN_STYLE = Automatic;
				CURRENT_PROJECT_VERSION = 1;
				DEVELOPMENT_TEAM = 4HG9ZCZ4F4;
				GENERATE_INFOPLIST_FILE = YES;
				INFOPLIST_FILE = "search-github-user-app/Info.plist";
				INFOPLIST_KEY_UIApplicationSupportsIndirectInputEvents = YES;
				INFOPLIST_KEY_UILaunchStoryboardName = LaunchScreen;
				INFOPLIST_KEY_UISupportedInterfaceOrientations_iPad = "UIInterfaceOrientationPortrait UIInterfaceOrientationPortraitUpsideDown UIInterfaceOrientationLandscapeLeft UIInterfaceOrientationLandscapeRight";
				INFOPLIST_KEY_UISupportedInterfaceOrientations_iPhone = "UIInterfaceOrientationPortrait UIInterfaceOrientationLandscapeLeft UIInterfaceOrientationLandscapeRight";
				IPHONEOS_DEPLOYMENT_TARGET = 15.0;
				LD_RUNPATH_SEARCH_PATHS = (
					"$(inherited)",
					"@executable_path/Frameworks",
				);
				MARKETING_VERSION = 1.0;
				PRODUCT_BUNDLE_IDENTIFIER = "com.gmail.tab.hsts.search-github-user-app";
				PRODUCT_NAME = "$(TARGET_NAME)";
				SWIFT_EMIT_LOC_STRINGS = YES;
				SWIFT_VERSION = 5.0;
				TARGETED_DEVICE_FAMILY = "1,2";
			};
			name = Release;
		};
/* End XCBuildConfiguration section */

/* Begin XCConfigurationList section */
		CA4665202A1547E7002683E3 /* Build configuration list for PBXProject "search-github-user-app" */ = {
			isa = XCConfigurationList;
			buildConfigurations = (
				CA4665372A1547E8002683E3 /* Debug */,
				CA4665382A1547E8002683E3 /* Release */,
			);
			defaultConfigurationIsVisible = 0;
			defaultConfigurationName = Release;
		};
		CA4665392A1547E8002683E3 /* Build configuration list for PBXNativeTarget "search-github-user-app" */ = {
			isa = XCConfigurationList;
			buildConfigurations = (
				CA46653A2A1547E8002683E3 /* Debug */,
				CA46653B2A1547E8002683E3 /* Release */,
			);
			defaultConfigurationIsVisible = 0;
			defaultConfigurationName = Release;
		};
/* End XCConfigurationList section */

/* Begin XCRemoteSwiftPackageReference section */
		CA7ADE962A1642EF00971CD7 /* XCRemoteSwiftPackageReference "SDWebImage" */ = {
			isa = XCRemoteSwiftPackageReference;
			repositoryURL = "https://github.com/SDWebImage/SDWebImage";
			requirement = {
				kind = upToNextMajorVersion;
				minimumVersion = 5.0.0;
			};
		};
/* End XCRemoteSwiftPackageReference section */

/* Begin XCSwiftPackageProductDependency section */
		CA7ADE972A1642EF00971CD7 /* SDWebImage */ = {
			isa = XCSwiftPackageProductDependency;
			package = CA7ADE962A1642EF00971CD7 /* XCRemoteSwiftPackageReference "SDWebImage" */;
			productName = SDWebImage;
		};
/* End XCSwiftPackageProductDependency section */
	};
	rootObject = CA46651D2A1547E7002683E3 /* Project object */;
}
